{
  "originHash" : "a6bac9c60004ff1de87bd130f4cc127196a3cd3c82fab0797c5e58a57235a4b7",
  "pins" : [
    {
      "identity" : "lxmfswift",
      "kind" : "remoteSourceControl",
      "location" : "https://github.com/SullivanPrell/LXMFSwift.git",
      "state" : {
        "revision" : "c985ed5ab6bb0a4bfe4608f5611aa49d4c07ee9f",
        "version" : "1.10.0"
      }
    },
    {
      "identity" : "lxstswift",
      "kind" : "remoteSourceControl",
      "location" : "https://github.com/SullivanPrell/LXSTSwift.git",
      "state" : {
        "revision" : "e1da0da84e19f468ff8a4d9eeeda209e601e5cc9",
        "version" : "1.5.0"
      }
    },
    {
      "identity" : "nomadnetswift",
      "kind" : "remoteSourceControl",
      "location" : "https://github.com/SullivanPrell/NomadNetSwift.git",
      "state" : {
        "revision" : "384586208a0d04ad8160f7432be179a875b93be4",
        "version" : "1.5.0"
      }
    },
    {
      "identity" : "reticulumswift",
      "kind" : "remoteSourceControl",
      "location" : "https://github.com/SullivanPrell/ReticulumSwift.git",
      "state" : {
        "revision" : "81ae8b3b3d4dbb042289a59b36e545cab833d288",
        "version" : "1.24.0"
      }
    },
    {
      "identity" : "runestone",
      "kind" : "remoteSourceControl",
      "location" : "https://github.com/simonbs/Runestone.git",
      "state" : {
        "revision" : "592434a103a4d1ab83e14f87ac6eef569dd7a99d",
        "version" : "0.5.2"
      }
    },
    {
      "identity" : "tree-sitter",
      "kind" : "remoteSourceControl",
      "location" : "https://github.com/tree-sitter/tree-sitter",
      "state" : {
        "revision" : "98be227227af10cc7a269cb3ffb23686c0610b17",
        "version" : "0.20.9"
      }
    },
    {
      "identity" : "tree-sitter-micron",
      "kind" : "remoteSourceControl",
      "location" : "https://github.com/SullivanPrell/tree-sitter-micron.git",
      "state" : {
        "revision" : "35fe426ca8a786f5619a4a2fc1717c36f7221520",
        "version" : "0.1.0"
      }
    }
  ],
  "version" : 3
}
