{
  "originHash" : "69c7e67052fc7e4dd20829abac1f8c6234388dec7aeb43a1f05f6d15abfe5dac",
  "pins" : [
    {
      "identity" : "lxmfswift",
      "kind" : "remoteSourceControl",
      "location" : "https://github.com/SullivanPrell/LXMFSwift.git",
      "state" : {
        "revision" : "ad5a30ab10acfd59145e4b7a22d85e03c1aa3242",
        "version" : "1.1.4"
      }
    },
    {
      "identity" : "lxstswift",
      "kind" : "remoteSourceControl",
      "location" : "https://github.com/SullivanPrell/LXSTSwift.git",
      "state" : {
        "revision" : "1a6d49eeff93671fcf1aaecaac5724f415bde6aa",
        "version" : "1.1.4"
      }
    },
    {
      "identity" : "nomadnetswift",
      "kind" : "remoteSourceControl",
      "location" : "https://github.com/SullivanPrell/NomadNetSwift.git",
      "state" : {
        "revision" : "9a0f4cfdf9f991fe720b68add0856f9ea6aa1907",
        "version" : "1.1.3"
      }
    },
    {
      "identity" : "reticulumswift",
      "kind" : "remoteSourceControl",
      "location" : "https://github.com/SullivanPrell/ReticulumSwift.git",
      "state" : {
        "revision" : "bb8d7a0b0f79dbbc41c00150bd5f1e2175a2ce77",
        "version" : "1.4.3"
      }
    }
  ],
  "version" : 3
}
